// !$*UTF8*$!
{
	archiveVersion = 1;
	classes = {
	};
	objectVersion = 45;
	objects = {

/* Begin PBXBuildFile section */
		3D5F5F76160BAB94003CB686 /* NSDictionary+NLFormEncodingAdditions.h in Headers */ = {isa = PBXBuildFile; fileRef = 3D5F5F74160BAB94003CB686 /* NSDictionary+NLFormEncodingAdditions.h */; };
		3D5F5F77160BAB94003CB686 /* NSDictionary+NLFormEncodingAdditions.h in Headers */ = {isa = PBXBuildFile; fileRef = 3D5F5F74160BAB94003CB686 /* NSDictionary+NLFormEncodingAdditions.h */; };
		3D5F5F78160BAB94003CB686 /* NSDictionary+NLFormEncodingAdditions.m in Sources */ = {isa = PBXBuildFile; fileRef = 3D5F5F75160BAB94003CB686 /* NSDictionary+NLFormEncodingAdditions.m */; };
		3D5F5F79160BAB94003CB686 /* NSDictionary+NLFormEncodingAdditions.m in Sources */ = {isa = PBXBuildFile; fileRef = 3D5F5F75160BAB94003CB686 /* NSDictionary+NLFormEncodingAdditions.m */; };
		3D5F5F7B160BABA2003CB686 /* NSDictionary+NLFormEncodingAdditions.h in Headers */ = {isa = PBXBuildFile; fileRef = 3D5F5F74160BAB94003CB686 /* NSDictionary+NLFormEncodingAdditions.h */; settings = {ATTRIBUTES = (Public, ); }; };
		C61F9A01153CA0CA00E0BD3E /* Foundation.framework in Frameworks */ = {isa = PBXBuildFile; fileRef = AACBBE490F95108600F1A2B1 /* Foundation.framework */; };
		C61F9A0B153CA0F200E0BD3E /* NLFoundation.h in Headers */ = {isa = PBXBuildFile; fileRef = C6DD4D93128855C700C582AB /* NLFoundation.h */; };
		C61F9A0C153CA0F200E0BD3E /* NLUtilities.h in Headers */ = {isa = PBXBuildFile; fileRef = C6DD4D7C1288543200C582AB /* NLUtilities.h */; };
		C61F9A0D153CA0F200E0BD3E /* NSMutableArray+NLQueueAdditions.h in Headers */ = {isa = PBXBuildFile; fileRef = C6DD4DB81288565900C582AB /* NSMutableArray+NLQueueAdditions.h */; };
		C61F9A0E153CA0F200E0BD3E /* NSMutableDictionary+NLQueueAdditions.h in Headers */ = {isa = PBXBuildFile; fileRef = C6DD4D821288547000C582AB /* NSMutableDictionary+NLQueueAdditions.h */; };
		C61F9A0F153CA0F200E0BD3E /* NSObject+NLKVCAdditions.h in Headers */ = {isa = PBXBuildFile; fileRef = C6DD4D841288547000C582AB /* NSObject+NLKVCAdditions.h */; };
		C61F9A10153CA0F200E0BD3E /* NSURL+NLAdditions.h in Headers */ = {isa = PBXBuildFile; fileRef = C6DD4D861288547000C582AB /* NSURL+NLAdditions.h */; };
		C61F9A11153CA0F200E0BD3E /* NSDictionary+NLURLAdditions.h in Headers */ = {isa = PBXBuildFile; fileRef = C6DD4E67128859AD00C582AB /* NSDictionary+NLURLAdditions.h */; };
		C61F9A12153CA0F200E0BD3E /* NSString+NLURLQueryStringAdditions.h in Headers */ = {isa = PBXBuildFile; fileRef = C6DD4E5C1288593D00C582AB /* NSString+NLURLQueryStringAdditions.h */; };
		C61F9A13153CA0F200E0BD3E /* NSHTTPURLResponse+NLHTTPHeaderFieldsAdditions.h in Headers */ = {isa = PBXBuildFile; fileRef = C6DD4E7B12885A5800C582AB /* NSHTTPURLResponse+NLHTTPHeaderFieldsAdditions.h */; };
		C61F9A14153CA0F200E0BD3E /* NSDateFormatter+NLHTTPAdditions.h in Headers */ = {isa = PBXBuildFile; fileRef = C6DD4D881288547000C582AB /* NSDateFormatter+NLHTTPAdditions.h */; };
		C61F9A15153CA11400E0BD3E /* NLUtilities.m in Sources */ = {isa = PBXBuildFile; fileRef = C6DD4D7D1288543200C582AB /* NLUtilities.m */; };
		C61F9A16153CA11400E0BD3E /* NSMutableArray+NLQueueAdditions.m in Sources */ = {isa = PBXBuildFile; fileRef = C6DD4DB91288565900C582AB /* NSMutableArray+NLQueueAdditions.m */; };
		C61F9A17153CA11400E0BD3E /* NSMutableDictionary+NLQueueAdditions.m in Sources */ = {isa = PBXBuildFile; fileRef = C6DD4D831288547000C582AB /* NSMutableDictionary+NLQueueAdditions.m */; };
		C61F9A18153CA11400E0BD3E /* NSObject+NLKVCAdditions.m in Sources */ = {isa = PBXBuildFile; fileRef = C6DD4D851288547000C582AB /* NSObject+NLKVCAdditions.m */; };
		C61F9A19153CA11400E0BD3E /* NSURL+NLAdditions.m in Sources */ = {isa = PBXBuildFile; fileRef = C6DD4D871288547000C582AB /* NSURL+NLAdditions.m */; };
		C61F9A1A153CA11400E0BD3E /* NSDictionary+NLURLAdditions.m in Sources */ = {isa = PBXBuildFile; fileRef = C6DD4E68128859AD00C582AB /* NSDictionary+NLURLAdditions.m */; };
		C61F9A1B153CA11400E0BD3E /* NSString+NLURLQueryStringAdditions.m in Sources */ = {isa = PBXBuildFile; fileRef = C6DD4E5D1288593D00C582AB /* NSString+NLURLQueryStringAdditions.m */; };
		C61F9A1C153CA11400E0BD3E /* NSHTTPURLResponse+NLHTTPHeaderFieldsAdditions.m in Sources */ = {isa = PBXBuildFile; fileRef = C6DD4E7C12885A5800C582AB /* NSHTTPURLResponse+NLHTTPHeaderFieldsAdditions.m */; };
		C61F9A1D153CA11400E0BD3E /* NSDateFormatter+NLHTTPAdditions.m in Sources */ = {isa = PBXBuildFile; fileRef = C6DD4D891288547000C582AB /* NSDateFormatter+NLHTTPAdditions.m */; };
		C61F9A22153CA29200E0BD3E /* NLFoundation.h in Headers */ = {isa = PBXBuildFile; fileRef = C6DD4D93128855C700C582AB /* NLFoundation.h */; settings = {ATTRIBUTES = (Public, ); }; };
		C61F9A23153CA29200E0BD3E /* NLUtilities.h in Headers */ = {isa = PBXBuildFile; fileRef = C6DD4D7C1288543200C582AB /* NLUtilities.h */; settings = {ATTRIBUTES = (Public, ); }; };
		C61F9A24153CA29200E0BD3E /* NSMutableArray+NLQueueAdditions.h in Headers */ = {isa = PBXBuildFile; fileRef = C6DD4DB81288565900C582AB /* NSMutableArray+NLQueueAdditions.h */; settings = {ATTRIBUTES = (Public, ); }; };
		C61F9A25153CA29200E0BD3E /* NSMutableDictionary+NLQueueAdditions.h in Headers */ = {isa = PBXBuildFile; fileRef = C6DD4D821288547000C582AB /* NSMutableDictionary+NLQueueAdditions.h */; settings = {ATTRIBUTES = (Public, ); }; };
		C61F9A26153CA29200E0BD3E /* NSObject+NLKVCAdditions.h in Headers */ = {isa = PBXBuildFile; fileRef = C6DD4D841288547000C582AB /* NSObject+NLKVCAdditions.h */; settings = {ATTRIBUTES = (Public, ); }; };
		C61F9A27153CA29200E0BD3E /* NSURL+NLAdditions.h in Headers */ = {isa = PBXBuildFile; fileRef = C6DD4D861288547000C582AB /* NSURL+NLAdditions.h */; settings = {ATTRIBUTES = (Public, ); }; };
		C61F9A28153CA29200E0BD3E /* NSDictionary+NLURLAdditions.h in Headers */ = {isa = PBXBuildFile; fileRef = C6DD4E67128859AD00C582AB /* NSDictionary+NLURLAdditions.h */; settings = {ATTRIBUTES = (Public, ); }; };
		C61F9A29153CA29200E0BD3E /* NSString+NLURLQueryStringAdditions.h in Headers */ = {isa = PBXBuildFile; fileRef = C6DD4E5C1288593D00C582AB /* NSString+NLURLQueryStringAdditions.h */; settings = {ATTRIBUTES = (Public, ); }; };
		C61F9A2A153CA29200E0BD3E /* NSHTTPURLResponse+NLHTTPHeaderFieldsAdditions.h in Headers */ = {isa = PBXBuildFile; fileRef = C6DD4E7B12885A5800C582AB /* NSHTTPURLResponse+NLHTTPHeaderFieldsAdditions.h */; settings = {ATTRIBUTES = (Public, ); }; };
		C61F9A2B153CA29200E0BD3E /* NSDateFormatter+NLHTTPAdditions.h in Headers */ = {isa = PBXBuildFile; fileRef = C6DD4D881288547000C582AB /* NSDateFormatter+NLHTTPAdditions.h */; settings = {ATTRIBUTES = (Public, ); }; };
		C61F9A38153CA75600E0BD3E /* Foundation.framework in Frameworks */ = {isa = PBXBuildFile; fileRef = AACBBE490F95108600F1A2B1 /* Foundation.framework */; };
		C61F9A42153CA79900E0BD3E /* NLUtilities.m in Sources */ = {isa = PBXBuildFile; fileRef = C6DD4D7D1288543200C582AB /* NLUtilities.m */; };
		C61F9A43153CA79900E0BD3E /* NSMutableArray+NLQueueAdditions.m in Sources */ = {isa = PBXBuildFile; fileRef = C6DD4DB91288565900C582AB /* NSMutableArray+NLQueueAdditions.m */; };
		C61F9A44153CA79900E0BD3E /* NSMutableDictionary+NLQueueAdditions.m in Sources */ = {isa = PBXBuildFile; fileRef = C6DD4D831288547000C582AB /* NSMutableDictionary+NLQueueAdditions.m */; };
		C61F9A45153CA79900E0BD3E /* NSObject+NLKVCAdditions.m in Sources */ = {isa = PBXBuildFile; fileRef = C6DD4D851288547000C582AB /* NSObject+NLKVCAdditions.m */; };
		C61F9A46153CA79900E0BD3E /* NSURL+NLAdditions.m in Sources */ = {isa = PBXBuildFile; fileRef = C6DD4D871288547000C582AB /* NSURL+NLAdditions.m */; };
		C61F9A47153CA79900E0BD3E /* NSDictionary+NLURLAdditions.m in Sources */ = {isa = PBXBuildFile; fileRef = C6DD4E68128859AD00C582AB /* NSDictionary+NLURLAdditions.m */; };
		C61F9A48153CA79900E0BD3E /* NSString+NLURLQueryStringAdditions.m in Sources */ = {isa = PBXBuildFile; fileRef = C6DD4E5D1288593D00C582AB /* NSString+NLURLQueryStringAdditions.m */; };
		C61F9A49153CA79900E0BD3E /* NSHTTPURLResponse+NLHTTPHeaderFieldsAdditions.m in Sources */ = {isa = PBXBuildFile; fileRef = C6DD4E7C12885A5800C582AB /* NSHTTPURLResponse+NLHTTPHeaderFieldsAdditions.m */; };
		C61F9A4A153CA79900E0BD3E /* NSDateFormatter+NLHTTPAdditions.m in Sources */ = {isa = PBXBuildFile; fileRef = C6DD4D891288547000C582AB /* NSDateFormatter+NLHTTPAdditions.m */; };
		C61F9A4B153CA7A600E0BD3E /* NLFoundation.h in Headers */ = {isa = PBXBuildFile; fileRef = C6DD4D93128855C700C582AB /* NLFoundation.h */; };
		C61F9A4C153CA7A600E0BD3E /* NLUtilities.h in Headers */ = {isa = PBXBuildFile; fileRef = C6DD4D7C1288543200C582AB /* NLUtilities.h */; };
		C61F9A4D153CA7A600E0BD3E /* NSMutableArray+NLQueueAdditions.h in Headers */ = {isa = PBXBuildFile; fileRef = C6DD4DB81288565900C582AB /* NSMutableArray+NLQueueAdditions.h */; };
		C61F9A4E153CA7A600E0BD3E /* NSMutableDictionary+NLQueueAdditions.h in Headers */ = {isa = PBXBuildFile; fileRef = C6DD4D821288547000C582AB /* NSMutableDictionary+NLQueueAdditions.h */; };
		C61F9A4F153CA7A600E0BD3E /* NSObject+NLKVCAdditions.h in Headers */ = {isa = PBXBuildFile; fileRef = C6DD4D841288547000C582AB /* NSObject+NLKVCAdditions.h */; };
		C61F9A50153CA7A600E0BD3E /* NSURL+NLAdditions.h in Headers */ = {isa = PBXBuildFile; fileRef = C6DD4D861288547000C582AB /* NSURL+NLAdditions.h */; };
		C61F9A51153CA7A600E0BD3E /* NSDictionary+NLURLAdditions.h in Headers */ = {isa = PBXBuildFile; fileRef = C6DD4E67128859AD00C582AB /* NSDictionary+NLURLAdditions.h */; };
		C61F9A52153CA7A600E0BD3E /* NSString+NLURLQueryStringAdditions.h in Headers */ = {isa = PBXBuildFile; fileRef = C6DD4E5C1288593D00C582AB /* NSString+NLURLQueryStringAdditions.h */; };
		C61F9A53153CA7A600E0BD3E /* NSHTTPURLResponse+NLHTTPHeaderFieldsAdditions.h in Headers */ = {isa = PBXBuildFile; fileRef = C6DD4E7B12885A5800C582AB /* NSHTTPURLResponse+NLHTTPHeaderFieldsAdditions.h */; };
		C61F9A54153CA7A600E0BD3E /* NSDateFormatter+NLHTTPAdditions.h in Headers */ = {isa = PBXBuildFile; fileRef = C6DD4D881288547000C582AB /* NSDateFormatter+NLHTTPAdditions.h */; };
/* End PBXBuildFile section */

/* Begin PBXContainerItemProxy section */
		C61F9A20153CA27400E0BD3E /* PBXContainerItemProxy */ = {
			isa = PBXContainerItemProxy;
			containerPortal = 0867D690FE84028FC02AAC07 /* Project object */;
			proxyType = 1;
			remoteGlobalIDString = C61F99FF153CA0CA00E0BD3E;
			remoteInfo = "NLFoundation-iOS-Simulator";
		};
		C61F9A55153CA7B000E0BD3E /* PBXContainerItemProxy */ = {
			isa = PBXContainerItemProxy;
			containerPortal = 0867D690FE84028FC02AAC07 /* Project object */;
			proxyType = 1;
			remoteGlobalIDString = C61F9A36153CA75600E0BD3E;
			remoteInfo = "NLFoundation-iOS-Device";
		};
/* End PBXContainerItemProxy section */

/* Begin PBXFileReference section */
		3D5F5F74160BAB94003CB686 /* NSDictionary+NLFormEncodingAdditions.h */ = {isa = PBXFileReference; fileEncoding = 4; lastKnownFileType = sourcecode.c.h; path = "NSDictionary+NLFormEncodingAdditions.h"; sourceTree = "<group>"; };
		3D5F5F75160BAB94003CB686 /* NSDictionary+NLFormEncodingAdditions.m */ = {isa = PBXFileReference; fileEncoding = 4; lastKnownFileType = sourcecode.c.objc; path = "NSDictionary+NLFormEncodingAdditions.m"; sourceTree = "<group>"; };
		AA747D9E0F9514B9006C5449 /* NLFoundation_Prefix.pch */ = {isa = PBXFileReference; fileEncoding = 4; lastKnownFileType = sourcecode.c.h; path = NLFoundation_Prefix.pch; sourceTree = "<group>"; };
		AACBBE490F95108600F1A2B1 /* Foundation.framework */ = {isa = PBXFileReference; lastKnownFileType = wrapper.framework; name = Foundation.framework; path = System/Library/Frameworks/Foundation.framework; sourceTree = SDKROOT; };
		C61F99E8153CA0A600E0BD3E /* NLFoundation.framework */ = {isa = PBXFileReference; explicitFileType = wrapper.framework; includeInIndex = 0; path = NLFoundation.framework; sourceTree = BUILT_PRODUCTS_DIR; };
		C61F9A00153CA0CA00E0BD3E /* libNLFoundation-iphonesimulator.a */ = {isa = PBXFileReference; explicitFileType = archive.ar; includeInIndex = 0; path = "libNLFoundation-iphonesimulator.a"; sourceTree = BUILT_PRODUCTS_DIR; };
		C61F9A37153CA75600E0BD3E /* libNLFoundation-iphoneos.a */ = {isa = PBXFileReference; explicitFileType = archive.ar; includeInIndex = 0; path = "libNLFoundation-iphoneos.a"; sourceTree = BUILT_PRODUCTS_DIR; };
		C6DD4D7C1288543200C582AB /* NLUtilities.h */ = {isa = PBXFileReference; fileEncoding = 4; lastKnownFileType = sourcecode.c.h; path = NLUtilities.h; sourceTree = "<group>"; };
		C6DD4D7D1288543200C582AB /* NLUtilities.m */ = {isa = PBXFileReference; fileEncoding = 4; lastKnownFileType = sourcecode.c.objc; path = NLUtilities.m; sourceTree = "<group>"; };
		C6DD4D821288547000C582AB /* NSMutableDictionary+NLQueueAdditions.h */ = {isa = PBXFileReference; fileEncoding = 4; lastKnownFileType = sourcecode.c.h; path = "NSMutableDictionary+NLQueueAdditions.h"; sourceTree = "<group>"; };
		C6DD4D831288547000C582AB /* NSMutableDictionary+NLQueueAdditions.m */ = {isa = PBXFileReference; fileEncoding = 4; lastKnownFileType = sourcecode.c.objc; path = "NSMutableDictionary+NLQueueAdditions.m"; sourceTree = "<group>"; };
		C6DD4D841288547000C582AB /* NSObject+NLKVCAdditions.h */ = {isa = PBXFileReference; fileEncoding = 4; lastKnownFileType = sourcecode.c.h; path = "NSObject+NLKVCAdditions.h"; sourceTree = "<group>"; };
		C6DD4D851288547000C582AB /* NSObject+NLKVCAdditions.m */ = {isa = PBXFileReference; fileEncoding = 4; lastKnownFileType = sourcecode.c.objc; path = "NSObject+NLKVCAdditions.m"; sourceTree = "<group>"; };
		C6DD4D861288547000C582AB /* NSURL+NLAdditions.h */ = {isa = PBXFileReference; fileEncoding = 4; lastKnownFileType = sourcecode.c.h; path = "NSURL+NLAdditions.h"; sourceTree = "<group>"; };
		C6DD4D871288547000C582AB /* NSURL+NLAdditions.m */ = {isa = PBXFileReference; fileEncoding = 4; lastKnownFileType = sourcecode.c.objc; path = "NSURL+NLAdditions.m"; sourceTree = "<group>"; };
		C6DD4D881288547000C582AB /* NSDateFormatter+NLHTTPAdditions.h */ = {isa = PBXFileReference; fileEncoding = 4; lastKnownFileType = sourcecode.c.h; path = "NSDateFormatter+NLHTTPAdditions.h"; sourceTree = "<group>"; };
		C6DD4D891288547000C582AB /* NSDateFormatter+NLHTTPAdditions.m */ = {isa = PBXFileReference; fileEncoding = 4; lastKnownFileType = sourcecode.c.objc; path = "NSDateFormatter+NLHTTPAdditions.m"; sourceTree = "<group>"; };
		C6DD4D93128855C700C582AB /* NLFoundation.h */ = {isa = PBXFileReference; fileEncoding = 4; lastKnownFileType = sourcecode.c.h; path = NLFoundation.h; sourceTree = "<group>"; };
		C6DD4DB81288565900C582AB /* NSMutableArray+NLQueueAdditions.h */ = {isa = PBXFileReference; fileEncoding = 4; lastKnownFileType = sourcecode.c.h; path = "NSMutableArray+NLQueueAdditions.h"; sourceTree = "<group>"; };
		C6DD4DB91288565900C582AB /* NSMutableArray+NLQueueAdditions.m */ = {isa = PBXFileReference; fileEncoding = 4; lastKnownFileType = sourcecode.c.objc; path = "NSMutableArray+NLQueueAdditions.m"; sourceTree = "<group>"; };
		C6DD4E5C1288593D00C582AB /* NSString+NLURLQueryStringAdditions.h */ = {isa = PBXFileReference; fileEncoding = 4; lastKnownFileType = sourcecode.c.h; path = "NSString+NLURLQueryStringAdditions.h"; sourceTree = "<group>"; };
		C6DD4E5D1288593D00C582AB /* NSString+NLURLQueryStringAdditions.m */ = {isa = PBXFileReference; fileEncoding = 4; lastKnownFileType = sourcecode.c.objc; path = "NSString+NLURLQueryStringAdditions.m"; sourceTree = "<group>"; };
		C6DD4E67128859AD00C582AB /* NSDictionary+NLURLAdditions.h */ = {isa = PBXFileReference; fileEncoding = 4; lastKnownFileType = sourcecode.c.h; path = "NSDictionary+NLURLAdditions.h"; sourceTree = "<group>"; };
		C6DD4E68128859AD00C582AB /* NSDictionary+NLURLAdditions.m */ = {isa = PBXFileReference; fileEncoding = 4; lastKnownFileType = sourcecode.c.objc; path = "NSDictionary+NLURLAdditions.m"; sourceTree = "<group>"; };
		C6DD4E7B12885A5800C582AB /* NSHTTPURLResponse+NLHTTPHeaderFieldsAdditions.h */ = {isa = PBXFileReference; fileEncoding = 4; lastKnownFileType = sourcecode.c.h; path = "NSHTTPURLResponse+NLHTTPHeaderFieldsAdditions.h"; sourceTree = "<group>"; };
		C6DD4E7C12885A5800C582AB /* NSHTTPURLResponse+NLHTTPHeaderFieldsAdditions.m */ = {isa = PBXFileReference; fileEncoding = 4; lastKnownFileType = sourcecode.c.objc; path = "NSHTTPURLResponse+NLHTTPHeaderFieldsAdditions.m"; sourceTree = "<group>"; };
/* End PBXFileReference section */

/* Begin PBXFrameworksBuildPhase section */
		C61F99FD153CA0CA00E0BD3E /* Frameworks */ = {
			isa = PBXFrameworksBuildPhase;
			buildActionMask = 2147483647;
			files = (
				C61F9A01153CA0CA00E0BD3E /* Foundation.framework in Frameworks */,
			);
			runOnlyForDeploymentPostprocessing = 0;
		};
		C61F9A34153CA75600E0BD3E /* Frameworks */ = {
			isa = PBXFrameworksBuildPhase;
			buildActionMask = 2147483647;
			files = (
				C61F9A38153CA75600E0BD3E /* Foundation.framework in Frameworks */,
			);
			runOnlyForDeploymentPostprocessing = 0;
		};
/* End PBXFrameworksBuildPhase section */

/* Begin PBXGroup section */
		034768DFFF38A50411DB9C8B /* Products */ = {
			isa = PBXGroup;
			children = (
				C61F99E8153CA0A600E0BD3E /* NLFoundation.framework */,
				C61F9A00153CA0CA00E0BD3E /* libNLFoundation-iphonesimulator.a */,
				C61F9A37153CA75600E0BD3E /* libNLFoundation-iphoneos.a */,
			);
			name = Products;
			sourceTree = "<group>";
		};
		0867D691FE84028FC02AAC07 /* NuLayer-Foundation-Utilities */ = {
			isa = PBXGroup;
			children = (
				08FB77AEFE84172EC02AAC07 /* Classes */,
				32C88DFF0371C24200C91783 /* Other Sources */,
				0867D69AFE84028FC02AAC07 /* Frameworks */,
				034768DFFF38A50411DB9C8B /* Products */,
			);
			name = "NuLayer-Foundation-Utilities";
			sourceTree = "<group>";
		};
		0867D69AFE84028FC02AAC07 /* Frameworks */ = {
			isa = PBXGroup;
			children = (
				AACBBE490F95108600F1A2B1 /* Foundation.framework */,
			);
			name = Frameworks;
			sourceTree = "<group>";
		};
		08FB77AEFE84172EC02AAC07 /* Classes */ = {
			isa = PBXGroup;
			children = (
				C6DD4D93128855C700C582AB /* NLFoundation.h */,
				C6DD4D7C1288543200C582AB /* NLUtilities.h */,
				C6DD4D7D1288543200C582AB /* NLUtilities.m */,
				C6DD4DB81288565900C582AB /* NSMutableArray+NLQueueAdditions.h */,
				C6DD4DB91288565900C582AB /* NSMutableArray+NLQueueAdditions.m */,
				C6DD4D821288547000C582AB /* NSMutableDictionary+NLQueueAdditions.h */,
				C6DD4D831288547000C582AB /* NSMutableDictionary+NLQueueAdditions.m */,
				C6DD4D841288547000C582AB /* NSObject+NLKVCAdditions.h */,
				C6DD4D851288547000C582AB /* NSObject+NLKVCAdditions.m */,
				C6DD4D861288547000C582AB /* NSURL+NLAdditions.h */,
				C6DD4D871288547000C582AB /* NSURL+NLAdditions.m */,
				C6DD4E67128859AD00C582AB /* NSDictionary+NLURLAdditions.h */,
				C6DD4E68128859AD00C582AB /* NSDictionary+NLURLAdditions.m */,
				3D5F5F74160BAB94003CB686 /* NSDictionary+NLFormEncodingAdditions.h */,
				3D5F5F75160BAB94003CB686 /* NSDictionary+NLFormEncodingAdditions.m */,
				C6DD4E5C1288593D00C582AB /* NSString+NLURLQueryStringAdditions.h */,
				C6DD4E5D1288593D00C582AB /* NSString+NLURLQueryStringAdditions.m */,
				C6DD4E7B12885A5800C582AB /* NSHTTPURLResponse+NLHTTPHeaderFieldsAdditions.h */,
				C6DD4E7C12885A5800C582AB /* NSHTTPURLResponse+NLHTTPHeaderFieldsAdditions.m */,
				C6DD4D881288547000C582AB /* NSDateFormatter+NLHTTPAdditions.h */,
				C6DD4D891288547000C582AB /* NSDateFormatter+NLHTTPAdditions.m */,
			);
			name = Classes;
			path = NLFoundation;
			sourceTree = "<group>";
		};
		32C88DFF0371C24200C91783 /* Other Sources */ = {
			isa = PBXGroup;
			children = (
				AA747D9E0F9514B9006C5449 /* NLFoundation_Prefix.pch */,
			);
			name = "Other Sources";
			sourceTree = "<group>";
		};
/* End PBXGroup section */

/* Begin PBXHeadersBuildPhase section */
		C61F99E5153CA0A600E0BD3E /* Headers */ = {
			isa = PBXHeadersBuildPhase;
			buildActionMask = 2147483647;
			files = (
				C61F9A22153CA29200E0BD3E /* NLFoundation.h in Headers */,
				C61F9A23153CA29200E0BD3E /* NLUtilities.h in Headers */,
				C61F9A24153CA29200E0BD3E /* NSMutableArray+NLQueueAdditions.h in Headers */,
				C61F9A25153CA29200E0BD3E /* NSMutableDictionary+NLQueueAdditions.h in Headers */,
				C61F9A26153CA29200E0BD3E /* NSObject+NLKVCAdditions.h in Headers */,
				C61F9A27153CA29200E0BD3E /* NSURL+NLAdditions.h in Headers */,
				C61F9A28153CA29200E0BD3E /* NSDictionary+NLURLAdditions.h in Headers */,
				C61F9A29153CA29200E0BD3E /* NSString+NLURLQueryStringAdditions.h in Headers */,
				C61F9A2A153CA29200E0BD3E /* NSHTTPURLResponse+NLHTTPHeaderFieldsAdditions.h in Headers */,
				C61F9A2B153CA29200E0BD3E /* NSDateFormatter+NLHTTPAdditions.h in Headers */,
				3D5F5F7B160BABA2003CB686 /* NSDictionary+NLFormEncodingAdditions.h in Headers */,
			);
			runOnlyForDeploymentPostprocessing = 0;
		};
		C61F99FE153CA0CA00E0BD3E /* Headers */ = {
			isa = PBXHeadersBuildPhase;
			buildActionMask = 2147483647;
			files = (
				C61F9A0B153CA0F200E0BD3E /* NLFoundation.h in Headers */,
				C61F9A0C153CA0F200E0BD3E /* NLUtilities.h in Headers */,
				C61F9A0D153CA0F200E0BD3E /* NSMutableArray+NLQueueAdditions.h in Headers */,
				C61F9A0E153CA0F200E0BD3E /* NSMutableDictionary+NLQueueAdditions.h in Headers */,
				C61F9A0F153CA0F200E0BD3E /* NSObject+NLKVCAdditions.h in Headers */,
				C61F9A10153CA0F200E0BD3E /* NSURL+NLAdditions.h in Headers */,
				C61F9A11153CA0F200E0BD3E /* NSDictionary+NLURLAdditions.h in Headers */,
				C61F9A12153CA0F200E0BD3E /* NSString+NLURLQueryStringAdditions.h in Headers */,
				C61F9A13153CA0F200E0BD3E /* NSHTTPURLResponse+NLHTTPHeaderFieldsAdditions.h in Headers */,
				C61F9A14153CA0F200E0BD3E /* NSDateFormatter+NLHTTPAdditions.h in Headers */,
				3D5F5F76160BAB94003CB686 /* NSDictionary+NLFormEncodingAdditions.h in Headers */,
			);
			runOnlyForDeploymentPostprocessing = 0;
		};
		C61F9A35153CA75600E0BD3E /* Headers */ = {
			isa = PBXHeadersBuildPhase;
			buildActionMask = 2147483647;
			files = (
				C61F9A4B153CA7A600E0BD3E /* NLFoundation.h in Headers */,
				C61F9A4C153CA7A600E0BD3E /* NLUtilities.h in Headers */,
				C61F9A4D153CA7A600E0BD3E /* NSMutableArray+NLQueueAdditions.h in Headers */,
				C61F9A4E153CA7A600E0BD3E /* NSMutableDictionary+NLQueueAdditions.h in Headers */,
				C61F9A4F153CA7A600E0BD3E /* NSObject+NLKVCAdditions.h in Headers */,
				C61F9A50153CA7A600E0BD3E /* NSURL+NLAdditions.h in Headers */,
				C61F9A51153CA7A600E0BD3E /* NSDictionary+NLURLAdditions.h in Headers */,
				C61F9A52153CA7A600E0BD3E /* NSString+NLURLQueryStringAdditions.h in Headers */,
				C61F9A53153CA7A600E0BD3E /* NSHTTPURLResponse+NLHTTPHeaderFieldsAdditions.h in Headers */,
				C61F9A54153CA7A600E0BD3E /* NSDateFormatter+NLHTTPAdditions.h in Headers */,
				3D5F5F77160BAB94003CB686 /* NSDictionary+NLFormEncodingAdditions.h in Headers */,
			);
			runOnlyForDeploymentPostprocessing = 0;
		};
/* End PBXHeadersBuildPhase section */

/* Begin PBXNativeTarget section */
		C61F99E7153CA0A600E0BD3E /* NLFoundation-iOS */ = {
			isa = PBXNativeTarget;
			buildConfigurationList = C61F99FB153CA0A600E0BD3E /* Build configuration list for PBXNativeTarget "NLFoundation-iOS" */;
			buildPhases = (
				C61F99E5153CA0A600E0BD3E /* Headers */,
				C61F9A2C153CA2AB00E0BD3E /* Lipo Binary */,
			);
			buildRules = (
			);
			dependencies = (
				C61F9A56153CA7B000E0BD3E /* PBXTargetDependency */,
				C61F9A21153CA27400E0BD3E /* PBXTargetDependency */,
			);
			name = "NLFoundation-iOS";
			productName = "NLFoundation-iOS";
			productReference = C61F99E8153CA0A600E0BD3E /* NLFoundation.framework */;
			productType = "com.apple.product-type.framework";
		};
		C61F99FF153CA0CA00E0BD3E /* NLFoundation-iOS-Simulator */ = {
			isa = PBXNativeTarget;
			buildConfigurationList = C61F9A08153CA0CA00E0BD3E /* Build configuration list for PBXNativeTarget "NLFoundation-iOS-Simulator" */;
			buildPhases = (
				C61F99FC153CA0CA00E0BD3E /* Sources */,
				C61F99FD153CA0CA00E0BD3E /* Frameworks */,
				C61F99FE153CA0CA00E0BD3E /* Headers */,
			);
			buildRules = (
			);
			dependencies = (
			);
			name = "NLFoundation-iOS-Simulator";
			productName = "NLFoundation-iOS-Simulator";
			productReference = C61F9A00153CA0CA00E0BD3E /* libNLFoundation-iphonesimulator.a */;
			productType = "com.apple.product-type.library.static";
		};
		C61F9A36153CA75600E0BD3E /* NLFoundation-iOS-Device */ = {
			isa = PBXNativeTarget;
			buildConfigurationList = C61F9A3F153CA75600E0BD3E /* Build configuration list for PBXNativeTarget "NLFoundation-iOS-Device" */;
			buildPhases = (
				C61F9A33153CA75600E0BD3E /* Sources */,
				C61F9A34153CA75600E0BD3E /* Frameworks */,
				C61F9A35153CA75600E0BD3E /* Headers */,
			);
			buildRules = (
			);
			dependencies = (
			);
			name = "NLFoundation-iOS-Device";
			productName = "NLFoundation-iOS-Device";
			productReference = C61F9A37153CA75600E0BD3E /* libNLFoundation-iphoneos.a */;
			productType = "com.apple.product-type.library.static";
		};
/* End PBXNativeTarget section */

/* Begin PBXProject section */
		0867D690FE84028FC02AAC07 /* Project object */ = {
			isa = PBXProject;
			attributes = {
				ORGANIZATIONNAME = "NuLayer Inc.";
			};
			buildConfigurationList = 1DEB922208733DC00010E9CD /* Build configuration list for PBXProject "NuLayer-Foundation-Utilities" */;
			compatibilityVersion = "Xcode 3.1";
			developmentRegion = English;
			hasScannedForEncodings = 1;
			knownRegions = (
				English,
				Japanese,
				French,
				German,
				en,
			);
			mainGroup = 0867D691FE84028FC02AAC07 /* NuLayer-Foundation-Utilities */;
			productRefGroup = 034768DFFF38A50411DB9C8B /* Products */;
			projectDirPath = "";
			projectRoot = "";
			targets = (
				C61F99E7153CA0A600E0BD3E /* NLFoundation-iOS */,
				C61F99FF153CA0CA00E0BD3E /* NLFoundation-iOS-Simulator */,
				C61F9A36153CA75600E0BD3E /* NLFoundation-iOS-Device */,
			);
		};
/* End PBXProject section */

/* Begin PBXShellScriptBuildPhase section */
		C61F9A2C153CA2AB00E0BD3E /* Lipo Binary */ = {
			isa = PBXShellScriptBuildPhase;
			buildActionMask = 2147483647;
			files = (
			);
			inputPaths = (
			);
			name = "Lipo Binary";
			outputPaths = (
			);
			runOnlyForDeploymentPostprocessing = 0;
			shellPath = /bin/sh;
			shellScript = "FRAMEWORK=\"${BUILT_PRODUCTS_DIR}/${PRODUCT_NAME}.framework\"\n\nlipo \\\n\"${BUILD_DIR}/${CONFIGURATION}-iphoneos/lib${PRODUCT_NAME}-iphoneos.a\" \\\n\"${BUILD_DIR}/${CONFIGURATION}-iphonesimulator/lib${PRODUCT_NAME}-iphonesimulator.a\" \\\n-create -output \"${FRAMEWORK}/Versions/Current/${PRODUCT_NAME}\"\n\n# Strip debugging symbols\n#strip -S \"${FRAMEWORK}/Versions/Current/${PRODUCT_NAME}\"\n\n#rm \"${FRAMEWORK}/Resources\"\n\ncd \"${FRAMEWORK}\" && ln -sf \"Versions/Current/${PRODUCT_NAME}\" ./";
		};
/* End PBXShellScriptBuildPhase section */

/* Begin PBXSourcesBuildPhase section */
		C61F99FC153CA0CA00E0BD3E /* Sources */ = {
			isa = PBXSourcesBuildPhase;
			buildActionMask = 2147483647;
			files = (
				C61F9A15153CA11400E0BD3E /* NLUtilities.m in Sources */,
				C61F9A16153CA11400E0BD3E /* NSMutableArray+NLQueueAdditions.m in Sources */,
				C61F9A17153CA11400E0BD3E /* NSMutableDictionary+NLQueueAdditions.m in Sources */,
				C61F9A18153CA11400E0BD3E /* NSObject+NLKVCAdditions.m in Sources */,
				C61F9A19153CA11400E0BD3E /* NSURL+NLAdditions.m in Sources */,
				C61F9A1A153CA11400E0BD3E /* NSDictionary+NLURLAdditions.m in Sources */,
				C61F9A1B153CA11400E0BD3E /* NSString+NLURLQueryStringAdditions.m in Sources */,
				C61F9A1C153CA11400E0BD3E /* NSHTTPURLResponse+NLHTTPHeaderFieldsAdditions.m in Sources */,
				C61F9A1D153CA11400E0BD3E /* NSDateFormatter+NLHTTPAdditions.m in Sources */,
				3D5F5F78160BAB94003CB686 /* NSDictionary+NLFormEncodingAdditions.m in Sources */,
			);
			runOnlyForDeploymentPostprocessing = 0;
		};
		C61F9A33153CA75600E0BD3E /* Sources */ = {
			isa = PBXSourcesBuildPhase;
			buildActionMask = 2147483647;
			files = (
				C61F9A42153CA79900E0BD3E /* NLUtilities.m in Sources */,
				C61F9A43153CA79900E0BD3E /* NSMutableArray+NLQueueAdditions.m in Sources */,
				C61F9A44153CA79900E0BD3E /* NSMutableDictionary+NLQueueAdditions.m in Sources */,
				C61F9A45153CA79900E0BD3E /* NSObject+NLKVCAdditions.m in Sources */,
				C61F9A46153CA79900E0BD3E /* NSURL+NLAdditions.m in Sources */,
				C61F9A47153CA79900E0BD3E /* NSDictionary+NLURLAdditions.m in Sources */,
				C61F9A48153CA79900E0BD3E /* NSString+NLURLQueryStringAdditions.m in Sources */,
				C61F9A49153CA79900E0BD3E /* NSHTTPURLResponse+NLHTTPHeaderFieldsAdditions.m in Sources */,
				C61F9A4A153CA79900E0BD3E /* NSDateFormatter+NLHTTPAdditions.m in Sources */,
				3D5F5F79160BAB94003CB686 /* NSDictionary+NLFormEncodingAdditions.m in Sources */,
			);
			runOnlyForDeploymentPostprocessing = 0;
		};
/* End PBXSourcesBuildPhase section */

/* Begin PBXTargetDependency section */
		C61F9A21153CA27400E0BD3E /* PBXTargetDependency */ = {
			isa = PBXTargetDependency;
			target = C61F99FF153CA0CA00E0BD3E /* NLFoundation-iOS-Simulator */;
			targetProxy = C61F9A20153CA27400E0BD3E /* PBXContainerItemProxy */;
		};
		C61F9A56153CA7B000E0BD3E /* PBXTargetDependency */ = {
			isa = PBXTargetDependency;
			target = C61F9A36153CA75600E0BD3E /* NLFoundation-iOS-Device */;
			targetProxy = C61F9A55153CA7B000E0BD3E /* PBXContainerItemProxy */;
		};
/* End PBXTargetDependency section */

/* Begin XCBuildConfiguration section */
		1DEB922308733DC00010E9CD /* Debug */ = {
			isa = XCBuildConfiguration;
			buildSettings = {
				ARCHS = "$(ARCHS_STANDARD_32_BIT)";
				GCC_C_LANGUAGE_STANDARD = gnu99;
				GCC_OPTIMIZATION_LEVEL = 0;
				GCC_WARN_ABOUT_RETURN_TYPE = YES;
				GCC_WARN_UNUSED_VARIABLE = YES;
				IPHONEOS_DEPLOYMENT_TARGET = 5.0;
				OTHER_LDFLAGS = "-ObjC";
				PREBINDING = NO;
				SDKROOT = iphoneos;
				SKIP_INSTALL = YES;
				TARGETED_DEVICE_FAMILY = "1,2";
				VALID_ARCHS = "armv7 armv7s i386 x86_64";
			};
			name = Debug;
		};
		1DEB922408733DC00010E9CD /* Release */ = {
			isa = XCBuildConfiguration;
			buildSettings = {
				ARCHS = "$(ARCHS_STANDARD_32_BIT)";
				GCC_C_LANGUAGE_STANDARD = gnu99;
				GCC_WARN_ABOUT_RETURN_TYPE = YES;
				GCC_WARN_UNUSED_VARIABLE = YES;
				IPHONEOS_DEPLOYMENT_TARGET = 5.0;
				OTHER_LDFLAGS = "-ObjC";
				PREBINDING = NO;
				SDKROOT = iphoneos;
				SKIP_INSTALL = YES;
				TARGETED_DEVICE_FAMILY = "1,2";
				VALID_ARCHS = "armv7 armv7s i386 x86_64";
			};
			name = Release;
		};
		C61F99F9153CA0A600E0BD3E /* Debug */ = {
			isa = XCBuildConfiguration;
			buildSettings = {
				ALWAYS_SEARCH_USER_PATHS = NO;
				ARCHS = "$(ARCHS_STANDARD_64_BIT)";
				COPY_PHASE_STRIP = NO;
				DYLIB_COMPATIBILITY_VERSION = 1;
				DYLIB_CURRENT_VERSION = 1;
				FRAMEWORK_SEARCH_PATHS = (
					"$(inherited)",
					"\"$(SYSTEM_APPS_DIR)/Xcode.app/Contents/Developer/Library/Frameworks\"",
				);
				FRAMEWORK_VERSION = A;
				GCC_C_LANGUAGE_STANDARD = gnu99;
				GCC_DYNAMIC_NO_PIC = NO;
				GCC_ENABLE_OBJC_EXCEPTIONS = YES;
				GCC_PRECOMPILE_PREFIX_HEADER = YES;
				GCC_PREPROCESSOR_DEFINITIONS = (
					"DEBUG=1",
					"$(inherited)",
				);
				GCC_SYMBOLS_PRIVATE_EXTERN = NO;
				GCC_WARN_64_TO_32_BIT_CONVERSION = YES;
				GCC_WARN_UNINITIALIZED_AUTOS = YES;
				MACOSX_DEPLOYMENT_TARGET = 10.7;
				ONLY_ACTIVE_ARCH = NO;
				PRODUCT_NAME = NLFoundation;
				SDKROOT = macosx;
				WRAPPER_EXTENSION = framework;
			};
			name = Debug;
		};
		C61F99FA153CA0A600E0BD3E /* Release */ = {
			isa = XCBuildConfiguration;
			buildSettings = {
				ALWAYS_SEARCH_USER_PATHS = NO;
				ARCHS = "$(ARCHS_STANDARD_64_BIT)";
				COPY_PHASE_STRIP = YES;
				DEBUG_INFORMATION_FORMAT = "dwarf-with-dsym";
				DYLIB_COMPATIBILITY_VERSION = 1;
				DYLIB_CURRENT_VERSION = 1;
				FRAMEWORK_SEARCH_PATHS = (
					"$(inherited)",
					"\"$(SYSTEM_APPS_DIR)/Xcode.app/Contents/Developer/Library/Frameworks\"",
				);
				FRAMEWORK_VERSION = A;
				GCC_C_LANGUAGE_STANDARD = gnu99;
				GCC_ENABLE_OBJC_EXCEPTIONS = YES;
				GCC_PRECOMPILE_PREFIX_HEADER = YES;
				GCC_WARN_64_TO_32_BIT_CONVERSION = YES;
				GCC_WARN_UNINITIALIZED_AUTOS = YES;
				MACOSX_DEPLOYMENT_TARGET = 10.7;
				PRODUCT_NAME = NLFoundation;
				SDKROOT = macosx;
				WRAPPER_EXTENSION = framework;
			};
			name = Release;
		};
		C61F9A09153CA0CA00E0BD3E /* Debug */ = {
			isa = XCBuildConfiguration;
			buildSettings = {
				ALWAYS_SEARCH_USER_PATHS = NO;
				COPY_PHASE_STRIP = NO;
				DSTROOT = /tmp/NLFoundation_iOS_Simulator.dst;
				GCC_C_LANGUAGE_STANDARD = gnu99;
				GCC_DYNAMIC_NO_PIC = NO;
				GCC_PRECOMPILE_PREFIX_HEADER = YES;
				GCC_PREPROCESSOR_DEFINITIONS = (
					"DEBUG=1",
					"$(inherited)",
				);
				GCC_SYMBOLS_PRIVATE_EXTERN = NO;
				GCC_WARN_UNINITIALIZED_AUTOS = YES;
				OTHER_LDFLAGS = "-ObjC";
				PRODUCT_NAME = "NLFoundation-iphonesimulator";
				SDKROOT = iphonesimulator;
			};
			name = Debug;
		};
		C61F9A0A153CA0CA00E0BD3E /* Release */ = {
			isa = XCBuildConfiguration;
			buildSettings = {
				ALWAYS_SEARCH_USER_PATHS = NO;
				COPY_PHASE_STRIP = YES;
				DSTROOT = /tmp/NLFoundation_iOS_Simulator.dst;
				GCC_C_LANGUAGE_STANDARD = gnu99;
				GCC_PRECOMPILE_PREFIX_HEADER = YES;
				GCC_WARN_UNINITIALIZED_AUTOS = YES;
				OTHER_LDFLAGS = "-ObjC";
				PRODUCT_NAME = "NLFoundation-iphonesimulator";
				SDKROOT = iphonesimulator;
				VALIDATE_PRODUCT = YES;
			};
			name = Release;
		};
		C61F9A40153CA75600E0BD3E /* Debug */ = {
			isa = XCBuildConfiguration;
			buildSettings = {
				ALWAYS_SEARCH_USER_PATHS = NO;
				COPY_PHASE_STRIP = NO;
				DSTROOT = /tmp/NLFoundation_iOS_Device.dst;
				GCC_DYNAMIC_NO_PIC = NO;
				GCC_PRECOMPILE_PREFIX_HEADER = YES;
				GCC_PREPROCESSOR_DEFINITIONS = (
					"DEBUG=1",
					"$(inherited)",
				);
				GCC_SYMBOLS_PRIVATE_EXTERN = NO;
				GCC_WARN_UNINITIALIZED_AUTOS = YES;
				OTHER_LDFLAGS = "-ObjC";
				PRODUCT_NAME = "NLFoundation-iphoneos";
			};
			name = Debug;
		};
		C61F9A41153CA75600E0BD3E /* Release */ = {
			isa = XCBuildConfiguration;
			buildSettings = {
				ALWAYS_SEARCH_USER_PATHS = NO;
				COPY_PHASE_STRIP = YES;
				DSTROOT = /tmp/NLFoundation_iOS_Device.dst;
				GCC_PRECOMPILE_PREFIX_HEADER = YES;
				GCC_WARN_UNINITIALIZED_AUTOS = YES;
				OTHER_LDFLAGS = "-ObjC";
				PRODUCT_NAME = "NLFoundation-iphoneos";
				VALIDATE_PRODUCT = YES;
			};
			name = Release;
		};
/* End XCBuildConfiguration section */

/* Begin XCConfigurationList section */
		1DEB922208733DC00010E9CD /* Build configuration list for PBXProject "NuLayer-Foundation-Utilities" */ = {
			isa = XCConfigurationList;
			buildConfigurations = (
				1DEB922308733DC00010E9CD /* Debug */,
				1DEB922408733DC00010E9CD /* Release */,
			);
			defaultConfigurationIsVisible = 0;
			defaultConfigurationName = Release;
		};
		C61F99FB153CA0A600E0BD3E /* Build configuration list for PBXNativeTarget "NLFoundation-iOS" */ = {
			isa = XCConfigurationList;
			buildConfigurations = (
				C61F99F9153CA0A600E0BD3E /* Debug */,
				C61F99FA153CA0A600E0BD3E /* Release */,
			);
			defaultConfigurationIsVisible = 0;
			defaultConfigurationName = Release;
		};
		C61F9A08153CA0CA00E0BD3E /* Build configuration list for PBXNativeTarget "NLFoundation-iOS-Simulator" */ = {
			isa = XCConfigurationList;
			buildConfigurations = (
				C61F9A09153CA0CA00E0BD3E /* Debug */,
				C61F9A0A153CA0CA00E0BD3E /* Release */,
			);
			defaultConfigurationIsVisible = 0;
			defaultConfigurationName = Release;
		};
		C61F9A3F153CA75600E0BD3E /* Build configuration list for PBXNativeTarget "NLFoundation-iOS-Device" */ = {
			isa = XCConfigurationList;
			buildConfigurations = (
				C61F9A40153CA75600E0BD3E /* Debug */,
				C61F9A41153CA75600E0BD3E /* Release */,
			);
			defaultConfigurationIsVisible = 0;
			defaultConfigurationName = Release;
		};
/* End XCConfigurationList section */
	};
	rootObject = 0867D690FE84028FC02AAC07 /* Project object */;
}
