// !$*UTF8*$!
{
	archiveVersion = 1;
	classes = {
	};
	objectVersion = 46;
	objects = {

/* Begin PBXBuildFile section */
		27726181181027D900745FE7 /* NSMutableArray+NLQueueAdditions.h in CopyFiles */ = {isa = PBXBuildFile; fileRef = C6DD4DB81288565900C582AB /* NSMutableArray+NLQueueAdditions.h */; };
		27726182181027DE00745FE7 /* NSMutableDictionary+NLQueueAdditions.h in CopyFiles */ = {isa = PBXBuildFile; fileRef = C6DD4D821288547000C582AB /* NSMutableDictionary+NLQueueAdditions.h */; };
		27726183181027E400745FE7 /* NSObject+NLKVCAdditions.h in CopyFiles */ = {isa = PBXBuildFile; fileRef = C6DD4D841288547000C582AB /* NSObject+NLKVCAdditions.h */; };
		27726185181027F000745FE7 /* NSURL+NLAdditions.h in CopyFiles */ = {isa = PBXBuildFile; fileRef = C6DD4D861288547000C582AB /* NSURL+NLAdditions.h */; };
		277261871810280B00745FE7 /* NSDictionary+NLURLAdditions.h in CopyFiles */ = {isa = PBXBuildFile; fileRef = C6DD4E67128859AD00C582AB /* NSDictionary+NLURLAdditions.h */; };
		277261881810281400745FE7 /* NSDictionary+NLFormEncodingAdditions.h in CopyFiles */ = {isa = PBXBuildFile; fileRef = 3D5F5F74160BAB94003CB686 /* NSDictionary+NLFormEncodingAdditions.h */; };
		277261891810281D00745FE7 /* NSString+NLURLQueryStringAdditions.h in CopyFiles */ = {isa = PBXBuildFile; fileRef = C6DD4E5C1288593D00C582AB /* NSString+NLURLQueryStringAdditions.h */; };
		2772618A1810282C00745FE7 /* NSHTTPURLResponse+NLHTTPHeaderFieldsAdditions.h in CopyFiles */ = {isa = PBXBuildFile; fileRef = C6DD4E7B12885A5800C582AB /* NSHTTPURLResponse+NLHTTPHeaderFieldsAdditions.h */; };
		2772618B1810283400745FE7 /* NSDateFormatter+NLHTTPAdditions.h in CopyFiles */ = {isa = PBXBuildFile; fileRef = C6DD4D881288547000C582AB /* NSDateFormatter+NLHTTPAdditions.h */; };
		2772618F181043D600745FE7 /* NLFoundation.h in CopyFiles */ = {isa = PBXBuildFile; fileRef = C6DD4D93128855C700C582AB /* NLFoundation.h */; };
		277261901810445900745FE7 /* NLUtilities.h in CopyFiles */ = {isa = PBXBuildFile; fileRef = C6DD4D7C1288543200C582AB /* NLUtilities.h */; };
		3D5F5F79160BAB94003CB686 /* NSDictionary+NLFormEncodingAdditions.m in Sources */ = {isa = PBXBuildFile; fileRef = 3D5F5F75160BAB94003CB686 /* NSDictionary+NLFormEncodingAdditions.m */; };
		C61F9A38153CA75600E0BD3E /* Foundation.framework in Frameworks */ = {isa = PBXBuildFile; fileRef = AACBBE490F95108600F1A2B1 /* Foundation.framework */; };
		C61F9A42153CA79900E0BD3E /* NLUtilities.m in Sources */ = {isa = PBXBuildFile; fileRef = C6DD4D7D1288543200C582AB /* NLUtilities.m */; };
		C61F9A43153CA79900E0BD3E /* NSMutableArray+NLQueueAdditions.m in Sources */ = {isa = PBXBuildFile; fileRef = C6DD4DB91288565900C582AB /* NSMutableArray+NLQueueAdditions.m */; };
		C61F9A44153CA79900E0BD3E /* NSMutableDictionary+NLQueueAdditions.m in Sources */ = {isa = PBXBuildFile; fileRef = C6DD4D831288547000C582AB /* NSMutableDictionary+NLQueueAdditions.m */; };
		C61F9A45153CA79900E0BD3E /* NSObject+NLKVCAdditions.m in Sources */ = {isa = PBXBuildFile; fileRef = C6DD4D851288547000C582AB /* NSObject+NLKVCAdditions.m */; };
		C61F9A46153CA79900E0BD3E /* NSURL+NLAdditions.m in Sources */ = {isa = PBXBuildFile; fileRef = C6DD4D871288547000C582AB /* NSURL+NLAdditions.m */; };
		C61F9A47153CA79900E0BD3E /* NSDictionary+NLURLAdditions.m in Sources */ = {isa = PBXBuildFile; fileRef = C6DD4E68128859AD00C582AB /* NSDictionary+NLURLAdditions.m */; };
		C61F9A48153CA79900E0BD3E /* NSString+NLURLQueryStringAdditions.m in Sources */ = {isa = PBXBuildFile; fileRef = C6DD4E5D1288593D00C582AB /* NSString+NLURLQueryStringAdditions.m */; };
		C61F9A49153CA79900E0BD3E /* NSHTTPURLResponse+NLHTTPHeaderFieldsAdditions.m in Sources */ = {isa = PBXBuildFile; fileRef = C6DD4E7C12885A5800C582AB /* NSHTTPURLResponse+NLHTTPHeaderFieldsAdditions.m */; };
		C61F9A4A153CA79900E0BD3E /* NSDateFormatter+NLHTTPAdditions.m in Sources */ = {isa = PBXBuildFile; fileRef = C6DD4D891288547000C582AB /* NSDateFormatter+NLHTTPAdditions.m */; };
/* End PBXBuildFile section */

/* Begin PBXCopyFilesBuildPhase section */
		27726180181027BC00745FE7 /* CopyFiles */ = {
			isa = PBXCopyFilesBuildPhase;
			buildActionMask = 2147483647;
			dstPath = "include/${PRODUCT_NAME}";
			dstSubfolderSpec = 16;
			files = (
				2772618F181043D600745FE7 /* NLFoundation.h in CopyFiles */,
				277261901810445900745FE7 /* NLUtilities.h in CopyFiles */,
				27726185181027F000745FE7 /* NSURL+NLAdditions.h in CopyFiles */,
				27726181181027D900745FE7 /* NSMutableArray+NLQueueAdditions.h in CopyFiles */,
				27726182181027DE00745FE7 /* NSMutableDictionary+NLQueueAdditions.h in CopyFiles */,
				27726183181027E400745FE7 /* NSObject+NLKVCAdditions.h in CopyFiles */,
				277261871810280B00745FE7 /* NSDictionary+NLURLAdditions.h in CopyFiles */,
				277261881810281400745FE7 /* NSDictionary+NLFormEncodingAdditions.h in CopyFiles */,
				277261891810281D00745FE7 /* NSString+NLURLQueryStringAdditions.h in CopyFiles */,
				2772618A1810282C00745FE7 /* NSHTTPURLResponse+NLHTTPHeaderFieldsAdditions.h in CopyFiles */,
				2772618B1810283400745FE7 /* NSDateFormatter+NLHTTPAdditions.h in CopyFiles */,
			);
			runOnlyForDeploymentPostprocessing = 0;
		};
/* End PBXCopyFilesBuildPhase section */

/* Begin PBXFileReference section */
		3D5F5F74160BAB94003CB686 /* NSDictionary+NLFormEncodingAdditions.h */ = {isa = PBXFileReference; fileEncoding = 4; lastKnownFileType = sourcecode.c.h; path = "NSDictionary+NLFormEncodingAdditions.h"; sourceTree = "<group>"; };
		3D5F5F75160BAB94003CB686 /* NSDictionary+NLFormEncodingAdditions.m */ = {isa = PBXFileReference; fileEncoding = 4; lastKnownFileType = sourcecode.c.objc; path = "NSDictionary+NLFormEncodingAdditions.m"; sourceTree = "<group>"; };
		AA747D9E0F9514B9006C5449 /* NLFoundation_Prefix.pch */ = {isa = PBXFileReference; fileEncoding = 4; lastKnownFileType = sourcecode.c.h; path = NLFoundation_Prefix.pch; sourceTree = "<group>"; };
		AACBBE490F95108600F1A2B1 /* Foundation.framework */ = {isa = PBXFileReference; lastKnownFileType = wrapper.framework; name = Foundation.framework; path = System/Library/Frameworks/Foundation.framework; sourceTree = SDKROOT; };
		C61F9A37153CA75600E0BD3E /* libNLFoundation.a */ = {isa = PBXFileReference; explicitFileType = archive.ar; includeInIndex = 0; path = libNLFoundation.a; sourceTree = BUILT_PRODUCTS_DIR; };
		C6DD4D7C1288543200C582AB /* NLUtilities.h */ = {isa = PBXFileReference; fileEncoding = 4; lastKnownFileType = sourcecode.c.h; path = NLUtilities.h; sourceTree = "<group>"; };
		C6DD4D7D1288543200C582AB /* NLUtilities.m */ = {isa = PBXFileReference; fileEncoding = 4; lastKnownFileType = sourcecode.c.objc; path = NLUtilities.m; sourceTree = "<group>"; };
		C6DD4D821288547000C582AB /* NSMutableDictionary+NLQueueAdditions.h */ = {isa = PBXFileReference; fileEncoding = 4; lastKnownFileType = sourcecode.c.h; path = "NSMutableDictionary+NLQueueAdditions.h"; sourceTree = "<group>"; };
		C6DD4D831288547000C582AB /* NSMutableDictionary+NLQueueAdditions.m */ = {isa = PBXFileReference; fileEncoding = 4; lastKnownFileType = sourcecode.c.objc; path = "NSMutableDictionary+NLQueueAdditions.m"; sourceTree = "<group>"; };
		C6DD4D841288547000C582AB /* NSObject+NLKVCAdditions.h */ = {isa = PBXFileReference; fileEncoding = 4; lastKnownFileType = sourcecode.c.h; path = "NSObject+NLKVCAdditions.h"; sourceTree = "<group>"; };
		C6DD4D851288547000C582AB /* NSObject+NLKVCAdditions.m */ = {isa = PBXFileReference; fileEncoding = 4; lastKnownFileType = sourcecode.c.objc; path = "NSObject+NLKVCAdditions.m"; sourceTree = "<group>"; };
		C6DD4D861288547000C582AB /* NSURL+NLAdditions.h */ = {isa = PBXFileReference; fileEncoding = 4; lastKnownFileType = sourcecode.c.h; path = "NSURL+NLAdditions.h"; sourceTree = "<group>"; };
		C6DD4D871288547000C582AB /* NSURL+NLAdditions.m */ = {isa = PBXFileReference; fileEncoding = 4; lastKnownFileType = sourcecode.c.objc; path = "NSURL+NLAdditions.m"; sourceTree = "<group>"; };
		C6DD4D881288547000C582AB /* NSDateFormatter+NLHTTPAdditions.h */ = {isa = PBXFileReference; fileEncoding = 4; lastKnownFileType = sourcecode.c.h; path = "NSDateFormatter+NLHTTPAdditions.h"; sourceTree = "<group>"; };
		C6DD4D891288547000C582AB /* NSDateFormatter+NLHTTPAdditions.m */ = {isa = PBXFileReference; fileEncoding = 4; lastKnownFileType = sourcecode.c.objc; path = "NSDateFormatter+NLHTTPAdditions.m"; sourceTree = "<group>"; };
		C6DD4D93128855C700C582AB /* NLFoundation.h */ = {isa = PBXFileReference; fileEncoding = 4; lastKnownFileType = sourcecode.c.h; path = NLFoundation.h; sourceTree = "<group>"; };
		C6DD4DB81288565900C582AB /* NSMutableArray+NLQueueAdditions.h */ = {isa = PBXFileReference; fileEncoding = 4; lastKnownFileType = sourcecode.c.h; path = "NSMutableArray+NLQueueAdditions.h"; sourceTree = "<group>"; };
		C6DD4DB91288565900C582AB /* NSMutableArray+NLQueueAdditions.m */ = {isa = PBXFileReference; fileEncoding = 4; lastKnownFileType = sourcecode.c.objc; path = "NSMutableArray+NLQueueAdditions.m"; sourceTree = "<group>"; };
		C6DD4E5C1288593D00C582AB /* NSString+NLURLQueryStringAdditions.h */ = {isa = PBXFileReference; fileEncoding = 4; lastKnownFileType = sourcecode.c.h; path = "NSString+NLURLQueryStringAdditions.h"; sourceTree = "<group>"; };
		C6DD4E5D1288593D00C582AB /* NSString+NLURLQueryStringAdditions.m */ = {isa = PBXFileReference; fileEncoding = 4; lastKnownFileType = sourcecode.c.objc; path = "NSString+NLURLQueryStringAdditions.m"; sourceTree = "<group>"; };
		C6DD4E67128859AD00C582AB /* NSDictionary+NLURLAdditions.h */ = {isa = PBXFileReference; fileEncoding = 4; lastKnownFileType = sourcecode.c.h; path = "NSDictionary+NLURLAdditions.h"; sourceTree = "<group>"; };
		C6DD4E68128859AD00C582AB /* NSDictionary+NLURLAdditions.m */ = {isa = PBXFileReference; fileEncoding = 4; lastKnownFileType = sourcecode.c.objc; path = "NSDictionary+NLURLAdditions.m"; sourceTree = "<group>"; };
		C6DD4E7B12885A5800C582AB /* NSHTTPURLResponse+NLHTTPHeaderFieldsAdditions.h */ = {isa = PBXFileReference; fileEncoding = 4; lastKnownFileType = sourcecode.c.h; path = "NSHTTPURLResponse+NLHTTPHeaderFieldsAdditions.h"; sourceTree = "<group>"; };
		C6DD4E7C12885A5800C582AB /* NSHTTPURLResponse+NLHTTPHeaderFieldsAdditions.m */ = {isa = PBXFileReference; fileEncoding = 4; lastKnownFileType = sourcecode.c.objc; path = "NSHTTPURLResponse+NLHTTPHeaderFieldsAdditions.m"; sourceTree = "<group>"; };
/* End PBXFileReference section */

/* Begin PBXFrameworksBuildPhase section */
		C61F9A34153CA75600E0BD3E /* Frameworks */ = {
			isa = PBXFrameworksBuildPhase;
			buildActionMask = 2147483647;
			files = (
				C61F9A38153CA75600E0BD3E /* Foundation.framework in Frameworks */,
			);
			runOnlyForDeploymentPostprocessing = 0;
		};
/* End PBXFrameworksBuildPhase section */

/* Begin PBXGroup section */
		034768DFFF38A50411DB9C8B /* Products */ = {
			isa = PBXGroup;
			children = (
				C61F9A37153CA75600E0BD3E /* libNLFoundation.a */,
			);
			name = Products;
			sourceTree = "<group>";
		};
		0867D691FE84028FC02AAC07 /* NuLayer-Foundation-Utilities */ = {
			isa = PBXGroup;
			children = (
				08FB77AEFE84172EC02AAC07 /* Classes */,
				32C88DFF0371C24200C91783 /* Other Sources */,
				0867D69AFE84028FC02AAC07 /* Frameworks */,
				034768DFFF38A50411DB9C8B /* Products */,
			);
			name = "NuLayer-Foundation-Utilities";
			sourceTree = "<group>";
		};
		0867D69AFE84028FC02AAC07 /* Frameworks */ = {
			isa = PBXGroup;
			children = (
				AACBBE490F95108600F1A2B1 /* Foundation.framework */,
			);
			name = Frameworks;
			sourceTree = "<group>";
		};
		08FB77AEFE84172EC02AAC07 /* Classes */ = {
			isa = PBXGroup;
			children = (
				C6DD4D93128855C700C582AB /* NLFoundation.h */,
				C6DD4D7C1288543200C582AB /* NLUtilities.h */,
				C6DD4D7D1288543200C582AB /* NLUtilities.m */,
				C6DD4DB81288565900C582AB /* NSMutableArray+NLQueueAdditions.h */,
				C6DD4DB91288565900C582AB /* NSMutableArray+NLQueueAdditions.m */,
				C6DD4D821288547000C582AB /* NSMutableDictionary+NLQueueAdditions.h */,
				C6DD4D831288547000C582AB /* NSMutableDictionary+NLQueueAdditions.m */,
				C6DD4D841288547000C582AB /* NSObject+NLKVCAdditions.h */,
				C6DD4D851288547000C582AB /* NSObject+NLKVCAdditions.m */,
				C6DD4D861288547000C582AB /* NSURL+NLAdditions.h */,
				C6DD4D871288547000C582AB /* NSURL+NLAdditions.m */,
				C6DD4E67128859AD00C582AB /* NSDictionary+NLURLAdditions.h */,
				C6DD4E68128859AD00C582AB /* NSDictionary+NLURLAdditions.m */,
				3D5F5F74160BAB94003CB686 /* NSDictionary+NLFormEncodingAdditions.h */,
				3D5F5F75160BAB94003CB686 /* NSDictionary+NLFormEncodingAdditions.m */,
				C6DD4E5C1288593D00C582AB /* NSString+NLURLQueryStringAdditions.h */,
				C6DD4E5D1288593D00C582AB /* NSString+NLURLQueryStringAdditions.m */,
				C6DD4E7B12885A5800C582AB /* NSHTTPURLResponse+NLHTTPHeaderFieldsAdditions.h */,
				C6DD4E7C12885A5800C582AB /* NSHTTPURLResponse+NLHTTPHeaderFieldsAdditions.m */,
				C6DD4D881288547000C582AB /* NSDateFormatter+NLHTTPAdditions.h */,
				C6DD4D891288547000C582AB /* NSDateFormatter+NLHTTPAdditions.m */,
			);
			name = Classes;
			path = NLFoundation;
			sourceTree = "<group>";
		};
		32C88DFF0371C24200C91783 /* Other Sources */ = {
			isa = PBXGroup;
			children = (
				AA747D9E0F9514B9006C5449 /* NLFoundation_Prefix.pch */,
			);
			name = "Other Sources";
			sourceTree = "<group>";
		};
/* End PBXGroup section */

/* Begin PBXNativeTarget section */
		C61F9A36153CA75600E0BD3E /* NLFoundation */ = {
			isa = PBXNativeTarget;
			buildConfigurationList = C61F9A3F153CA75600E0BD3E /* Build configuration list for PBXNativeTarget "NLFoundation" */;
			buildPhases = (
				C61F9A33153CA75600E0BD3E /* Sources */,
				C61F9A34153CA75600E0BD3E /* Frameworks */,
				27726180181027BC00745FE7 /* CopyFiles */,
			);
			buildRules = (
			);
			dependencies = (
			);
			name = NLFoundation;
			productName = "NLFoundation-iOS-Device";
			productReference = C61F9A37153CA75600E0BD3E /* libNLFoundation.a */;
			productType = "com.apple.product-type.library.static";
		};
/* End PBXNativeTarget section */

/* Begin PBXProject section */
		0867D690FE84028FC02AAC07 /* Project object */ = {
			isa = PBXProject;
			attributes = {
				LastUpgradeCheck = 0450;
				ORGANIZATIONNAME = "NuLayer Inc.";
			};
			buildConfigurationList = 1DEB922208733DC00010E9CD /* Build configuration list for PBXProject "NuLayer-Foundation-Utilities" */;
			compatibilityVersion = "Xcode 3.2";
			developmentRegion = English;
			hasScannedForEncodings = 1;
			knownRegions = (
				English,
				Japanese,
				French,
				German,
				en,
			);
			mainGroup = 0867D691FE84028FC02AAC07 /* NuLayer-Foundation-Utilities */;
			productRefGroup = 034768DFFF38A50411DB9C8B /* Products */;
			projectDirPath = "";
			projectRoot = "";
			targets = (
				C61F9A36153CA75600E0BD3E /* NLFoundation */,
			);
		};
/* End PBXProject section */

/* Begin PBXSourcesBuildPhase section */
		C61F9A33153CA75600E0BD3E /* Sources */ = {
			isa = PBXSourcesBuildPhase;
			buildActionMask = 2147483647;
			files = (
				C61F9A42153CA79900E0BD3E /* NLUtilities.m in Sources */,
				C61F9A43153CA79900E0BD3E /* NSMutableArray+NLQueueAdditions.m in Sources */,
				C61F9A44153CA79900E0BD3E /* NSMutableDictionary+NLQueueAdditions.m in Sources */,
				C61F9A45153CA79900E0BD3E /* NSObject+NLKVCAdditions.m in Sources */,
				C61F9A46153CA79900E0BD3E /* NSURL+NLAdditions.m in Sources */,
				C61F9A47153CA79900E0BD3E /* NSDictionary+NLURLAdditions.m in Sources */,
				C61F9A48153CA79900E0BD3E /* NSString+NLURLQueryStringAdditions.m in Sources */,
				C61F9A49153CA79900E0BD3E /* NSHTTPURLResponse+NLHTTPHeaderFieldsAdditions.m in Sources */,
				C61F9A4A153CA79900E0BD3E /* NSDateFormatter+NLHTTPAdditions.m in Sources */,
				3D5F5F79160BAB94003CB686 /* NSDictionary+NLFormEncodingAdditions.m in Sources */,
			);
			runOnlyForDeploymentPostprocessing = 0;
		};
/* End PBXSourcesBuildPhase section */

/* Begin XCBuildConfiguration section */
		1DEB922308733DC00010E9CD /* Debug */ = {
			isa = XCBuildConfiguration;
			buildSettings = {
				ARCHS = "$(ARCHS_STANDARD)";
				GCC_C_LANGUAGE_STANDARD = gnu99;
				GCC_OPTIMIZATION_LEVEL = 0;
				GCC_WARN_ABOUT_RETURN_TYPE = YES;
				GCC_WARN_UNUSED_VARIABLE = YES;
				IPHONEOS_DEPLOYMENT_TARGET = 5.0;
				OTHER_LDFLAGS = "-ObjC";
				SDKROOT = iphoneos;
				SKIP_INSTALL = YES;
				TARGETED_DEVICE_FAMILY = "1,2";
			};
			name = Debug;
		};
		1DEB922408733DC00010E9CD /* Release */ = {
			isa = XCBuildConfiguration;
			buildSettings = {
				ARCHS = "$(ARCHS_STANDARD)";
				GCC_C_LANGUAGE_STANDARD = gnu99;
				GCC_WARN_ABOUT_RETURN_TYPE = YES;
				GCC_WARN_UNUSED_VARIABLE = YES;
				IPHONEOS_DEPLOYMENT_TARGET = 5.0;
				OTHER_LDFLAGS = "-ObjC";
				SDKROOT = iphoneos;
				SKIP_INSTALL = YES;
				TARGETED_DEVICE_FAMILY = "1,2";
			};
			name = Release;
		};
		C61F9A40153CA75600E0BD3E /* Debug */ = {
			isa = XCBuildConfiguration;
			buildSettings = {
				ALWAYS_SEARCH_USER_PATHS = NO;
				COPY_PHASE_STRIP = NO;
				DSTROOT = /tmp/NLFoundation_iOS_Device.dst;
				GCC_DYNAMIC_NO_PIC = NO;
				GCC_PRECOMPILE_PREFIX_HEADER = YES;
				GCC_PREPROCESSOR_DEFINITIONS = (
					"DEBUG=1",
					"$(inherited)",
				);
				GCC_SYMBOLS_PRIVATE_EXTERN = NO;
				GCC_WARN_UNINITIALIZED_AUTOS = YES;
				OTHER_LDFLAGS = "-ObjC";
				PRODUCT_NAME = NLFoundation;
			};
			name = Debug;
		};
		C61F9A41153CA75600E0BD3E /* Release */ = {
			isa = XCBuildConfiguration;
			buildSettings = {
				ALWAYS_SEARCH_USER_PATHS = NO;
				COPY_PHASE_STRIP = YES;
				DSTROOT = /tmp/NLFoundation_iOS_Device.dst;
				GCC_PRECOMPILE_PREFIX_HEADER = YES;
				GCC_WARN_UNINITIALIZED_AUTOS = YES;
				OTHER_LDFLAGS = "-ObjC";
				PRODUCT_NAME = NLFoundation;
				VALIDATE_PRODUCT = YES;
			};
			name = Release;
		};
/* End XCBuildConfiguration section */

/* Begin XCConfigurationList section */
		1DEB922208733DC00010E9CD /* Build configuration list for PBXProject "NuLayer-Foundation-Utilities" */ = {
			isa = XCConfigurationList;
			buildConfigurations = (
				1DEB922308733DC00010E9CD /* Debug */,
				1DEB922408733DC00010E9CD /* Release */,
			);
			defaultConfigurationIsVisible = 0;
			defaultConfigurationName = Release;
		};
		C61F9A3F153CA75600E0BD3E /* Build configuration list for PBXNativeTarget "NLFoundation" */ = {
			isa = XCConfigurationList;
			buildConfigurations = (
				C61F9A40153CA75600E0BD3E /* Debug */,
				C61F9A41153CA75600E0BD3E /* Release */,
			);
			defaultConfigurationIsVisible = 0;
			defaultConfigurationName = Release;
		};
/* End XCConfigurationList section */
	};
	rootObject = 0867D690FE84028FC02AAC07 /* Project object */;
}
